{
    __meta__ = {
        version = "1.0"
    },
    ["windows|x64"] = {
        ["cmake#f56260b5"] = {
            repo = {
                branch = "master",
                commit = "84eac85f8e5f0a00a72f426b486983a62612bb97",
                url = "https://gitlab.com/tboox/xmake-repo.git"
            },
            version = "4.1.1-msvc1"
        },
        ["directxmath#f56260b5"] = {
            repo = {
                branch = "master",
                commit = "0f5ac6b9c50167f07d1b1641f7d7d771dcb908c1",
                url = "https://gitlab.com/tboox/xmake-repo.git"
            },
            version = "2024.02"
        },
        ["directxtk#f56260b5"] = {
            repo = {
                branch = "master",
                commit = "0f5ac6b9c50167f07d1b1641f7d7d771dcb908c1",
                url = "https://gitlab.com/tboox/xmake-repo.git"
            },
            version = "24.2.0"
        },
        ["ninja#f56260b5"] = {
            repo = {
                branch = "master",
                commit = "84eac85f8e5f0a00a72f426b486983a62612bb97",
                url = "https://gitlab.com/tboox/xmake-repo.git"
            },
            version = "1.12.1"
        },
        ["nlohmann_json v3.12.0#f56260b5"] = {
            repo = {
                branch = "master",
                commit = "0f5ac6b9c50167f07d1b1641f7d7d771dcb908c1",
                url = "https://gitlab.com/tboox/xmake-repo.git"
            },
            version = "v3.12.0"
        },
        ["rapidcsv#f56260b5"] = {
            repo = {
                branch = "master",
                commit = "84eac85f8e5f0a00a72f426b486983a62612bb97",
                url = "https://gitlab.com/tboox/xmake-repo.git"
            },
            version = "v8.89"
        },
        ["spdlog#09c8c173"] = {
            repo = {
                branch = "master",
                commit = "da016bf271a4a37cd9e89cf772b0d3d730767843",
                url = "https://gitlab.com/tboox/xmake-repo.git"
            },
            version = "v1.15.3"
        }
    }
}